{
  "name": "hotel.ddg.org.cn",
  "version": "1.0.0",
  "lockfileVersion": 2,
  "requires": true,
  "packages": {
    "": {
      "name": "hotel.ddg.org.cn",
      "version": "1.0.0",
      "license": "ISC",
      "dependencies": {
        "diandi-ele-form": "^0.7.5"
      }
    },
    "node_modules/clone": {
      "version": "2.1.2",
      "resolved": "https://registry.npmjs.org/clone/-/clone-2.1.2.tgz",
      "integrity": "sha512-3Pe/CF1Nn94hyhIYpjtiLhdCoEoz0DqQ+988E9gmeEdQZlojxnOb74wctFyuwWQHzqyf9X7C7MG8juUpqBJT8w==",
      "engines": {
        "node": ">=0.8"
      }
    },
    "node_modules/dayjs": {
      "version": "1.11.18",
      "resolved": "https://registry.npmjs.org/dayjs/-/dayjs-1.11.18.tgz",
      "integrity": "sha512-zFBQ7WFRvVRhKcWoUh+ZA1g2HVgUbsZm9sbddh8EC5iv93sui8DVVz1Npvz+r6meo9VKfa8NyLWBsQK1VvIKPA=="
    },
    "node_modules/diandi-ele-form": {
      "version": "0.7.5",
      "resolved": "https://registry.npmjs.org/diandi-ele-form/-/diandi-ele-form-0.7.5.tgz",
      "integrity": "sha512-+WINUiPqIx+tpQGcqG+lPsr5ph8Vgfpb4CDBYUOMcsPVBBMdQN+CeoUn9eCNSCkCbEVeEy7r/oLzCe8a4cgIeA==",
      "dependencies": {
        "clone": "^2.1.2",
        "dayjs": "^1.8.31",
        "is-number": "^7.0.0",
        "throttle-debounce": "^2.2.1",
        "typescript": "^4.5.2"
      }
    },
    "node_modules/is-number": {
      "version": "7.0.0",
      "resolved": "https://registry.npmjs.org/is-number/-/is-number-7.0.0.tgz",
      "integrity": "sha512-41Cifkg6e8TylSpdtTpeLVMqvSBEVzTttHvERD741+pnZ8ANv0004MRL43QKPDlK9cGvNp6NZWZUBlbGXYxxng==",
      "engines": {
        "node": ">=0.12.0"
      }
    },
    "node_modules/throttle-debounce": {
      "version": "2.3.0",
      "resolved": "https://registry.npmjs.org/throttle-debounce/-/throttle-debounce-2.3.0.tgz",
      "integrity": "sha512-H7oLPV0P7+jgvrk+6mwwwBDmxTaxnu9HMXmloNLXwnNO0ZxZ31Orah2n8lU1eMPvsaowP2CX+USCgyovXfdOFQ==",
      "engines": {
        "node": ">=8"
      }
    },
    "node_modules/typescript": {
      "version": "4.9.5",
      "resolved": "https://registry.npmjs.org/typescript/-/typescript-4.9.5.tgz",
      "integrity": "sha512-1FXk9E2Hm+QzZQ7z+McJiHL4NW1F2EzMu9Nq9i3zAaGqibafqYwCVU6WyWAuyQRRzOlxou8xZSyXLEN8oKj24g==",
      "bin": {
        "tsc": "bin/tsc",
        "tsserver": "bin/tsserver"
      },
      "engines": {
        "node": ">=4.2.0"
      }
    }
  },
  "dependencies": {
    "clone": {
      "version": "2.1.2",
      "resolved": "https://registry.npmjs.org/clone/-/clone-2.1.2.tgz",
      "integrity": "sha512-3Pe/CF1Nn94hyhIYpjtiLhdCoEoz0DqQ+988E9gmeEdQZlojxnOb74wctFyuwWQHzqyf9X7C7MG8juUpqBJT8w=="
    },
    "dayjs": {
      "version": "1.11.18",
      "resolved": "https://registry.npmjs.org/dayjs/-/dayjs-1.11.18.tgz",
      "integrity": "sha512-zFBQ7WFRvVRhKcWoUh+ZA1g2HVgUbsZm9sbddh8EC5iv93sui8DVVz1Npvz+r6meo9VKfa8NyLWBsQK1VvIKPA=="
    },
    "diandi-ele-form": {
      "version": "0.7.5",
      "resolved": "https://registry.npmjs.org/diandi-ele-form/-/diandi-ele-form-0.7.5.tgz",
      "integrity": "sha512-+WINUiPqIx+tpQGcqG+lPsr5ph8Vgfpb4CDBYUOMcsPVBBMdQN+CeoUn9eCNSCkCbEVeEy7r/oLzCe8a4cgIeA==",
      "requires": {
        "clone": "^2.1.2",
        "dayjs": "^1.8.31",
        "is-number": "^7.0.0",
        "throttle-debounce": "^2.2.1",
        "typescript": "^4.5.2"
      }
    },
    "is-number": {
      "version": "7.0.0",
      "resolved": "https://registry.npmjs.org/is-number/-/is-number-7.0.0.tgz",
      "integrity": "sha512-41Cifkg6e8TylSpdtTpeLVMqvSBEVzTttHvERD741+pnZ8ANv0004MRL43QKPDlK9cGvNp6NZWZUBlbGXYxxng=="
    },
    "throttle-debounce": {
      "version": "2.3.0",
      "resolved": "https://registry.npmjs.org/throttle-debounce/-/throttle-debounce-2.3.0.tgz",
      "integrity": "sha512-H7oLPV0P7+jgvrk+6mwwwBDmxTaxnu9HMXmloNLXwnNO0ZxZ31Orah2n8lU1eMPvsaowP2CX+USCgyovXfdOFQ=="
    },
    "typescript": {
      "version": "4.9.5",
      "resolved": "https://registry.npmjs.org/typescript/-/typescript-4.9.5.tgz",
      "integrity": "sha512-1FXk9E2Hm+QzZQ7z+McJiHL4NW1F2EzMu9Nq9i3zAaGqibafqYwCVU6WyWAuyQRRzOlxou8xZSyXLEN8oKj24g=="
    }
  }
}
